
Microsoft Visual Studio Solution File, Format Version 11.00
# Visual Studio 2010
Project("{E24C65DC-7377-472B-9ABA-BC803B73C61A}") = "Mehre--Taban", ".", "{0CCE817F-C339-4030-9228-C4534A018BC6}"
	ProjectSection(WebsiteProperties) = preProject
		Frontpage = "false"
		TargetFrameworkMoniker = ".NETFramework,Version%3Dv4.0"
		Debug.AspNetCompiler.VirtualPath = "/Mehre--Taban"
		Debug.AspNetCompiler.PhysicalPath = "E:\projects\ASP.net (Websites)\Mehre--Taban\"
		Debug.AspNetCompiler.TargetPath = "PrecompiledWeb\Mehre--Taban\"
		Debug.AspNetCompiler.Updateable = "true"
		Debug.AspNetCompiler.ForceOverwrite = "true"
		Debug.AspNetCompiler.FixedNames = "false"
		Debug.AspNetCompiler.Debug = "True"
		Release.AspNetCompiler.VirtualPath = "/Mehre--Taban"
		Release.AspNetCompiler.PhysicalPath = "E:\projects\ASP.net (Websites)\Mehre--Taban\"
		Release.AspNetCompiler.TargetPath = "PrecompiledWeb\Mehre--Taban\"
		Release.AspNetCompiler.Updateable = "true"
		Release.AspNetCompiler.ForceOverwrite = "true"
		Release.AspNetCompiler.FixedNames = "false"
		Release.AspNetCompiler.Debug = "False"
		VWDPort = "38173"
	EndProjectSection
EndProject
Global
	GlobalSection(SolutionConfigurationPlatforms) = preSolution
		Debug|Any CPU = Debug|Any CPU
	EndGlobalSection
	GlobalSection(ProjectConfigurationPlatforms) = postSolution
		{0CCE817F-C339-4030-9228-C4534A018BC6}.Debug|Any CPU.ActiveCfg = Debug|Any CPU
		{0CCE817F-C339-4030-9228-C4534A018BC6}.Debug|Any CPU.Build.0 = Debug|Any CPU
	EndGlobalSection
	GlobalSection(SolutionProperties) = preSolution
		HideSolutionNode = FALSE
	EndGlobalSection
EndGlobal
